
Microsoft Visual Studio Solution File, Format Version 12.00
# Visual Studio 15
VisualStudioVersion = 15.0.28307.106
MinimumVisualStudioVersion = 10.0.40219.1
Project("{F2A71F9B-5D33-465A-A702-920D77279786}") = "ConsoleApp1", "ConsoleApp1\ConsoleApp1.fsproj", "{8985DB02-F4B1-432B-A9AC-8F775EB468CF}"
EndProject
Global
	GlobalSection(SolutionConfigurationPlatforms) = preSolution
		Debug|Any CPU = Debug|Any CPU
		Release|Any CPU = Release|Any CPU
	EndGlobalSection
	GlobalSection(ProjectConfigurationPlatforms) = postSolution
		{8985DB02-F4B1-432B-A9AC-8F775EB468CF}.Debug|Any CPU.ActiveCfg = Debug|Any CPU
		{8985DB02-F4B1-432B-A9AC-8F775EB468CF}.Debug|Any CPU.Build.0 = Debug|Any CPU
		{8985DB02-F4B1-432B-A9AC-8F775EB468CF}.Release|Any CPU.ActiveCfg = Release|Any CPU
		{8985DB02-F4B1-432B-A9AC-8F775EB468CF}.Release|Any CPU.Build.0 = Release|Any CPU
	EndGlobalSection
	GlobalSection(SolutionProperties) = preSolution
		HideSolutionNode = FALSE
	EndGlobalSection
	GlobalSection(ExtensibilityGlobals) = postSolution
		SolutionGuid = {52CE97E0-4706-4A85-8D5B-C08C1FD79657}
	EndGlobalSection
EndGlobal
